
Microsoft Visual Studio Solution File, Format Version 12.00
# Visual Studio Version 17
VisualStudioVersion = 17.0.31903.59
MinimumVisualStudioVersion = 10.0.40219.1
Project("{FAE04EC0-301F-11D3-BF4B-00C04F79EFBC}") = "Checkpoint.API", "Checkpoint.API\Checkpoint.API.csproj", "{45F20AC1-6E22-49ED-9F0C-2EC9EA6364BA}"
EndProject
Global
	GlobalSection(SolutionConfigurationPlatforms) = preSolution
		Debug|Any CPU = Debug|Any CPU
		Release|Any CPU = Release|Any CPU
	EndGlobalSection
	GlobalSection(SolutionProperties) = preSolution
		HideSolutionNode = FALSE
	EndGlobalSection
	GlobalSection(ProjectConfigurationPlatforms) = postSolution
		{45F20AC1-6E22-49ED-9F0C-2EC9EA6364BA}.Debug|Any CPU.ActiveCfg = Debug|Any CPU
		{45F20AC1-6E22-49ED-9F0C-2EC9EA6364BA}.Debug|Any CPU.Build.0 = Debug|Any CPU
		{45F20AC1-6E22-49ED-9F0C-2EC9EA6364BA}.Release|Any CPU.ActiveCfg = Release|Any CPU
		{45F20AC1-6E22-49ED-9F0C-2EC9EA6364BA}.Release|Any CPU.Build.0 = Release|Any CPU
	EndGlobalSection
EndGlobal
